
Microsoft Visual Studio Solution File, Format Version 12.00
# Visual Studio 15
VisualStudioVersion = 15.0.26228.4
MinimumVisualStudioVersion = 10.0.40219.1
Project("{FAE04EC0-301F-11D3-BF4B-00C04F79EFBC}") = "NotificationServer", "NotificationServer\NotificationServer.csproj", "{FCFFED92-5C62-48DD-8297-2136AEB46C06}"
EndProject
Project("{FAE04EC0-301F-11D3-BF4B-00C04F79EFBC}") = "ClientApp", "ClientApp\ClientApp.csproj", "{56BDA240-9491-4DB1-97F6-E36A6C350BD5}"
EndProject
Global
	GlobalSection(SolutionConfigurationPlatforms) = preSolution
		Debug|Any CPU = Debug|Any CPU
		Release|Any CPU = Release|Any CPU
	EndGlobalSection
	GlobalSection(ProjectConfigurationPlatforms) = postSolution
		{FCFFED92-5C62-48DD-8297-2136AEB46C06}.Debug|Any CPU.ActiveCfg = Debug|Any CPU
		{FCFFED92-5C62-48DD-8297-2136AEB46C06}.Debug|Any CPU.Build.0 = Debug|Any CPU
		{FCFFED92-5C62-48DD-8297-2136AEB46C06}.Release|Any CPU.ActiveCfg = Release|Any CPU
		{FCFFED92-5C62-48DD-8297-2136AEB46C06}.Release|Any CPU.Build.0 = Release|Any CPU
		{56BDA240-9491-4DB1-97F6-E36A6C350BD5}.Debug|Any CPU.ActiveCfg = Debug|Any CPU
		{56BDA240-9491-4DB1-97F6-E36A6C350BD5}.Debug|Any CPU.Build.0 = Debug|Any CPU
		{56BDA240-9491-4DB1-97F6-E36A6C350BD5}.Release|Any CPU.ActiveCfg = Release|Any CPU
		{56BDA240-9491-4DB1-97F6-E36A6C350BD5}.Release|Any CPU.Build.0 = Release|Any CPU
	EndGlobalSection
	GlobalSection(SolutionProperties) = preSolution
		HideSolutionNode = FALSE
	EndGlobalSection
EndGlobal
